
Microsoft Visual Studio Solution File, Format Version 12.00
# Visual Studio Version 16
VisualStudioVersion = 16.0.30517.126
MinimumVisualStudioVersion = 10.0.40219.1
Project("{FAE04EC0-301F-11D3-BF4B-00C04F79EFBC}") = "MiCalculadora", "MiCalculadora\MiCalculadora.csproj", "{AD143F3D-C6AD-4A1D-950F-0944A4E6180C}"
EndProject
Project("{FAE04EC0-301F-11D3-BF4B-00C04F79EFBC}") = "Entidades", "Entidades\Entidades.csproj", "{D6070285-D439-4400-8DCF-9380260241A8}"
EndProject
Global
	GlobalSection(SolutionConfigurationPlatforms) = preSolution
		Debug|Any CPU = Debug|Any CPU
		Release|Any CPU = Release|Any CPU
	EndGlobalSection
	GlobalSection(ProjectConfigurationPlatforms) = postSolution
		{AD143F3D-C6AD-4A1D-950F-0944A4E6180C}.Debug|Any CPU.ActiveCfg = Debug|Any CPU
		{AD143F3D-C6AD-4A1D-950F-0944A4E6180C}.Debug|Any CPU.Build.0 = Debug|Any CPU
		{AD143F3D-C6AD-4A1D-950F-0944A4E6180C}.Release|Any CPU.ActiveCfg = Release|Any CPU
		{AD143F3D-C6AD-4A1D-950F-0944A4E6180C}.Release|Any CPU.Build.0 = Release|Any CPU
		{D6070285-D439-4400-8DCF-9380260241A8}.Debug|Any CPU.ActiveCfg = Debug|Any CPU
		{D6070285-D439-4400-8DCF-9380260241A8}.Debug|Any CPU.Build.0 = Debug|Any CPU
		{D6070285-D439-4400-8DCF-9380260241A8}.Release|Any CPU.ActiveCfg = Release|Any CPU
		{D6070285-D439-4400-8DCF-9380260241A8}.Release|Any CPU.Build.0 = Release|Any CPU
	EndGlobalSection
	GlobalSection(SolutionProperties) = preSolution
		HideSolutionNode = FALSE
	EndGlobalSection
	GlobalSection(ExtensibilityGlobals) = postSolution
		SolutionGuid = {17256C54-80EE-4CAE-80DB-656FFCEC672E}
	EndGlobalSection
EndGlobal
